
Microsoft Visual Studio Solution File, Format Version 12.00
# Visual Studio Version 16
VisualStudioVersion = 16.0.31129.286
MinimumVisualStudioVersion = 10.0.40219.1
Project("{9A19103F-16F7-4668-BE54-9A1E7A4F7556}") = "functionsapp", "functionsapp.csproj", "{2EC44F0D-728C-4CC2-AE73-E0176DF6C7B8}"
EndProject
Global
	GlobalSection(SolutionConfigurationPlatforms) = preSolution
		Debug|Any CPU = Debug|Any CPU
		Release|Any CPU = Release|Any CPU
	EndGlobalSection
	GlobalSection(ProjectConfigurationPlatforms) = postSolution
		{2EC44F0D-728C-4CC2-AE73-E0176DF6C7B8}.Debug|Any CPU.ActiveCfg = Debug|Any CPU
		{2EC44F0D-728C-4CC2-AE73-E0176DF6C7B8}.Debug|Any CPU.Build.0 = Debug|Any CPU
		{2EC44F0D-728C-4CC2-AE73-E0176DF6C7B8}.Release|Any CPU.ActiveCfg = Release|Any CPU
		{2EC44F0D-728C-4CC2-AE73-E0176DF6C7B8}.Release|Any CPU.Build.0 = Release|Any CPU
	EndGlobalSection
	GlobalSection(SolutionProperties) = preSolution
		HideSolutionNode = FALSE
	EndGlobalSection
	GlobalSection(ExtensibilityGlobals) = postSolution
		SolutionGuid = {77E89AB3-D24E-4CFE-869D-56B8C42C6B39}
	EndGlobalSection
EndGlobal
